
Microsoft Visual Studio Solution File, Format Version 12.00
# Visual Studio Version 17
VisualStudioVersion = 17.5.002.0
MinimumVisualStudioVersion = 10.0.40219.1
Project("{9A19103F-16F7-4668-BE54-9A1E7A4F7556}") = "C# Bateau", "C# Bateau.csproj", "{30CC5EAF-7239-44A8-A299-85739FCED3E3}"
EndProject
Global
	GlobalSection(SolutionConfigurationPlatforms) = preSolution
		Debug|Any CPU = Debug|Any CPU
		Release|Any CPU = Release|Any CPU
	EndGlobalSection
	GlobalSection(ProjectConfigurationPlatforms) = postSolution
		{30CC5EAF-7239-44A8-A299-85739FCED3E3}.Debug|Any CPU.ActiveCfg = Debug|Any CPU
		{30CC5EAF-7239-44A8-A299-85739FCED3E3}.Debug|Any CPU.Build.0 = Debug|Any CPU
		{30CC5EAF-7239-44A8-A299-85739FCED3E3}.Release|Any CPU.ActiveCfg = Release|Any CPU
		{30CC5EAF-7239-44A8-A299-85739FCED3E3}.Release|Any CPU.Build.0 = Release|Any CPU
	EndGlobalSection
	GlobalSection(SolutionProperties) = preSolution
		HideSolutionNode = FALSE
	EndGlobalSection
	GlobalSection(ExtensibilityGlobals) = postSolution
		SolutionGuid = {EEEAC37E-57AF-4250-B160-0C9F8D254737}
	EndGlobalSection
EndGlobal
